
Microsoft Visual Studio Solution File, Format Version 12.00
# Visual Studio Version 17
VisualStudioVersion = 17.4.33403.182
MinimumVisualStudioVersion = 10.0.40219.1
Project("{FAE04EC0-301F-11D3-BF4B-00C04F79EFBC}") = "odd-even-number", "odd-even-number.csproj", "{D0BAD25C-2F8B-44F6-8409-52E39F44DAB9}"
EndProject
Global
	GlobalSection(SolutionConfigurationPlatforms) = preSolution
		Debug|Any CPU = Debug|Any CPU
		Release|Any CPU = Release|Any CPU
	EndGlobalSection
	GlobalSection(ProjectConfigurationPlatforms) = postSolution
		{D0BAD25C-2F8B-44F6-8409-52E39F44DAB9}.Debug|Any CPU.ActiveCfg = Debug|Any CPU
		{D0BAD25C-2F8B-44F6-8409-52E39F44DAB9}.Debug|Any CPU.Build.0 = Debug|Any CPU
		{D0BAD25C-2F8B-44F6-8409-52E39F44DAB9}.Release|Any CPU.ActiveCfg = Release|Any CPU
		{D0BAD25C-2F8B-44F6-8409-52E39F44DAB9}.Release|Any CPU.Build.0 = Release|Any CPU
	EndGlobalSection
	GlobalSection(SolutionProperties) = preSolution
		HideSolutionNode = FALSE
	EndGlobalSection
	GlobalSection(ExtensibilityGlobals) = postSolution
		SolutionGuid = {3003B152-F482-4AB3-A817-BB88D933ABEB}
	EndGlobalSection
EndGlobal
